
Microsoft Visual Studio Solution File, Format Version 12.00
# Visual Studio 15
VisualStudioVersion = 15.0.28307.572
MinimumVisualStudioVersion = 10.0.40219.1
Project("{FAE04EC0-301F-11D3-BF4B-00C04F79EFBC}") = "AuthTestApi", "..\AuthTestMVC\AuthTestApi\AuthTestApi.csproj", "{E8C68996-F020-453E-95A7-125BF9664407}"
EndProject
Global
	GlobalSection(SolutionConfigurationPlatforms) = preSolution
		Debug|Any CPU = Debug|Any CPU
		Release|Any CPU = Release|Any CPU
	EndGlobalSection
	GlobalSection(ProjectConfigurationPlatforms) = postSolution
		{E8C68996-F020-453E-95A7-125BF9664407}.Debug|Any CPU.ActiveCfg = Debug|Any CPU
		{E8C68996-F020-453E-95A7-125BF9664407}.Debug|Any CPU.Build.0 = Debug|Any CPU
		{E8C68996-F020-453E-95A7-125BF9664407}.Release|Any CPU.ActiveCfg = Release|Any CPU
		{E8C68996-F020-453E-95A7-125BF9664407}.Release|Any CPU.Build.0 = Release|Any CPU
	EndGlobalSection
	GlobalSection(SolutionProperties) = preSolution
		HideSolutionNode = FALSE
	EndGlobalSection
	GlobalSection(ExtensibilityGlobals) = postSolution
		SolutionGuid = {57528716-835C-4C00-8D0D-9A006C5CF988}
	EndGlobalSection
EndGlobal
